
Microsoft Visual Studio Solution File, Format Version 12.00
# Visual Studio Version 17
VisualStudioVersion = 17.0.32002.185
MinimumVisualStudioVersion = 10.0.40219.1
Project("{9A19103F-16F7-4668-BE54-9A1E7A4F7556}") = "Vo-Test", "Vo-Test.csproj", "{6B0E0EF0-3774-4C1F-A39D-BF5A16CDD4A9}"
EndProject
Global
	GlobalSection(SolutionConfigurationPlatforms) = preSolution
		Debug|Any CPU = Debug|Any CPU
		Release|Any CPU = Release|Any CPU
	EndGlobalSection
	GlobalSection(ProjectConfigurationPlatforms) = postSolution
		{6B0E0EF0-3774-4C1F-A39D-BF5A16CDD4A9}.Debug|Any CPU.ActiveCfg = Debug|Any CPU
		{6B0E0EF0-3774-4C1F-A39D-BF5A16CDD4A9}.Debug|Any CPU.Build.0 = Debug|Any CPU
		{6B0E0EF0-3774-4C1F-A39D-BF5A16CDD4A9}.Release|Any CPU.ActiveCfg = Release|Any CPU
		{6B0E0EF0-3774-4C1F-A39D-BF5A16CDD4A9}.Release|Any CPU.Build.0 = Release|Any CPU
	EndGlobalSection
	GlobalSection(SolutionProperties) = preSolution
		HideSolutionNode = FALSE
	EndGlobalSection
	GlobalSection(ExtensibilityGlobals) = postSolution
		SolutionGuid = {17799388-33CF-4B22-ADA6-1E7F5C80C10B}
	EndGlobalSection
EndGlobal
